
Microsoft Visual Studio Solution File, Format Version 12.00
# Visual Studio for Mac
Project("{FAE04EC0-301F-11D3-BF4B-00C04F79EFBC}") = "Labyrinth-vom-Laptop-master", "Labyrinth-vom-Laptop-master.csproj", "{1A98C7C7-4242-32F3-04BB-8F6F0726DCEB}"
EndProject
Global
	GlobalSection(SolutionConfigurationPlatforms) = preSolution
		Debug|Any CPU = Debug|Any CPU
		Release|Any CPU = Release|Any CPU
	EndGlobalSection
	GlobalSection(ProjectConfigurationPlatforms) = postSolution
		{1A98C7C7-4242-32F3-04BB-8F6F0726DCEB}.Debug|Any CPU.ActiveCfg = Debug|Any CPU
		{1A98C7C7-4242-32F3-04BB-8F6F0726DCEB}.Debug|Any CPU.Build.0 = Debug|Any CPU
		{1A98C7C7-4242-32F3-04BB-8F6F0726DCEB}.Release|Any CPU.ActiveCfg = Release|Any CPU
		{1A98C7C7-4242-32F3-04BB-8F6F0726DCEB}.Release|Any CPU.Build.0 = Release|Any CPU
	EndGlobalSection
	GlobalSection(SolutionProperties) = preSolution
		HideSolutionNode = FALSE
	EndGlobalSection
EndGlobal
